{
  "requires": true,
  "lockfileVersion": 1,
  "dependencies": {
    "vm2": {
      "version": "3.9.4",
      "resolved": "https://registry.npmjs.org/vm2/-/vm2-3.9.4.tgz",
      "integrity": "sha512-sOdharrJ7KEePIpHekiWaY1DwgueuiBeX/ZBJUPgETsVlJsXuEx0K0/naATq2haFvJrvZnRiORQRubR0b7Ye6g=="
    }
  }
}
